
Microsoft Visual Studio Solution File, Format Version 12.00
# Visual Studio Version 16
VisualStudioVersion = 16.0.30717.126
MinimumVisualStudioVersion = 10.0.40219.1
Project("{2150E333-8FDC-42A3-9474-1A3956D46DE8}") = "MedGame.UI", "MedGame.UI", "{70E420A3-1C5A-4AE0-85FE-BD3E5F5BB9F4}"
EndProject
Project("{FAE04EC0-301F-11D3-BF4B-00C04F79EFBC}") = "MedGame.UI.WPF", "UI\WPF\MedGame.UI.WPF.csproj", "{F4F9E60E-7839-42BD-96AE-69E4A56B46F7}"
EndProject
Project("{FAE04EC0-301F-11D3-BF4B-00C04F79EFBC}") = "MedGame.Models", "Models\MedGame.Models.csproj", "{A937ADFC-E8C8-4AB1-A112-F264AB907A4E}"
EndProject
Project("{FAE04EC0-301F-11D3-BF4B-00C04F79EFBC}") = "MedGame.Services", "Services\MedGame.Services.csproj", "{A1FC7FC3-2223-4B21-9A0F-E1C51F183758}"
EndProject
Project("{FAE04EC0-301F-11D3-BF4B-00C04F79EFBC}") = "MedGame.Tests", "Tests\MedGame.Tests.csproj", "{AD05DAFC-DD25-4656-886B-BE278BAD3A2C}"
EndProject
Project("{FAE04EC0-301F-11D3-BF4B-00C04F79EFBC}") = "MedGame.GameLogic", "GameLogic\MedGame.GameLogic.csproj", "{DFF7B781-3792-4F70-B7E7-51EE7256B6FB}"
EndProject
Global
	GlobalSection(SolutionConfigurationPlatforms) = preSolution
		Debug|Any CPU = Debug|Any CPU
		Release|Any CPU = Release|Any CPU
	EndGlobalSection
	GlobalSection(ProjectConfigurationPlatforms) = postSolution
		{F4F9E60E-7839-42BD-96AE-69E4A56B46F7}.Debug|Any CPU.ActiveCfg = Debug|Any CPU
		{F4F9E60E-7839-42BD-96AE-69E4A56B46F7}.Debug|Any CPU.Build.0 = Debug|Any CPU
		{F4F9E60E-7839-42BD-96AE-69E4A56B46F7}.Release|Any CPU.ActiveCfg = Release|Any CPU
		{F4F9E60E-7839-42BD-96AE-69E4A56B46F7}.Release|Any CPU.Build.0 = Release|Any CPU
		{A937ADFC-E8C8-4AB1-A112-F264AB907A4E}.Debug|Any CPU.ActiveCfg = Debug|Any CPU
		{A937ADFC-E8C8-4AB1-A112-F264AB907A4E}.Debug|Any CPU.Build.0 = Debug|Any CPU
		{A937ADFC-E8C8-4AB1-A112-F264AB907A4E}.Release|Any CPU.ActiveCfg = Release|Any CPU
		{A937ADFC-E8C8-4AB1-A112-F264AB907A4E}.Release|Any CPU.Build.0 = Release|Any CPU
		{A1FC7FC3-2223-4B21-9A0F-E1C51F183758}.Debug|Any CPU.ActiveCfg = Debug|Any CPU
		{A1FC7FC3-2223-4B21-9A0F-E1C51F183758}.Debug|Any CPU.Build.0 = Debug|Any CPU
		{A1FC7FC3-2223-4B21-9A0F-E1C51F183758}.Release|Any CPU.ActiveCfg = Release|Any CPU
		{A1FC7FC3-2223-4B21-9A0F-E1C51F183758}.Release|Any CPU.Build.0 = Release|Any CPU
		{AD05DAFC-DD25-4656-886B-BE278BAD3A2C}.Debug|Any CPU.ActiveCfg = Debug|Any CPU
		{AD05DAFC-DD25-4656-886B-BE278BAD3A2C}.Debug|Any CPU.Build.0 = Debug|Any CPU
		{AD05DAFC-DD25-4656-886B-BE278BAD3A2C}.Release|Any CPU.ActiveCfg = Release|Any CPU
		{AD05DAFC-DD25-4656-886B-BE278BAD3A2C}.Release|Any CPU.Build.0 = Release|Any CPU
		{DFF7B781-3792-4F70-B7E7-51EE7256B6FB}.Debug|Any CPU.ActiveCfg = Debug|Any CPU
		{DFF7B781-3792-4F70-B7E7-51EE7256B6FB}.Debug|Any CPU.Build.0 = Debug|Any CPU
		{DFF7B781-3792-4F70-B7E7-51EE7256B6FB}.Release|Any CPU.ActiveCfg = Release|Any CPU
		{DFF7B781-3792-4F70-B7E7-51EE7256B6FB}.Release|Any CPU.Build.0 = Release|Any CPU
	EndGlobalSection
	GlobalSection(SolutionProperties) = preSolution
		HideSolutionNode = FALSE
	EndGlobalSection
	GlobalSection(NestedProjects) = preSolution
		{F4F9E60E-7839-42BD-96AE-69E4A56B46F7} = {70E420A3-1C5A-4AE0-85FE-BD3E5F5BB9F4}
	EndGlobalSection
	GlobalSection(ExtensibilityGlobals) = postSolution
		SolutionGuid = {E6405FA9-2DDE-4016-A885-88BBBAC88842}
	EndGlobalSection
EndGlobal
